<?xml version="1.0" encoding="UTF-8" standalone="yes" ?>
<CodeBlocks_project_file>
	<FileVersion major="1" minor="6" />
	<Project>
		<Option title="Ollie" />
		<Option pch_mode="2" />
		<Option compiler="gcc" />
		<Build>
			<Target title="Debug">
				<Option output="bin/Debug/Ollie" prefix_auto="1" extension_auto="1" />
				<Option object_output="obj/Debug/" />
				<Option type="1" />
				<Option compiler="gcc" />
				<Option parameters="parking.jpg" />
				<Compiler>
					<Add option="-g" />
				</Compiler>
			</Target>
			<Target title="Release">
				<Option output="bin/Release/Ollie" prefix_auto="1" extension_auto="1" />
				<Option object_output="obj/Release/" />
				<Option type="1" />
				<Option compiler="gcc" />
				<Option parameters="parking.jpg" />
				<Compiler>
					<Add option="-O3" />
				</Compiler>
				<Linker>
					<Add option="-s" />
				</Linker>
			</Target>
		</Build>
		<Compiler>
			<Add option="-Wall" />
			<Add option="-Wno-unknown-pragmas" />
			<Add option="-isystem" />
			<Add option="-fPIE" />
			<Add option="-fopenmp" />
			<Add option="-pthread" />
			<Add option="-march=armv8-a" />
			<Add option="-std=gnu++17" />
			<Add option="-DNDEBUG" />
			<Add directory="/usr/local/include/opencv4" />
			<Add directory="include" />
			<Add directory="/usr/local/include/eigen3/" />
			<Add directory="/home/pi/tensorflow" />
			<Add directory="/home/pi/tensorflow/tensorflow/lite/tools/make/downloads/flatbuffers/include" />
			<Add directory="/home/pi/tensorflow/tensorflow/lite/tools/make/downloads/absl" />
		</Compiler>
		<Linker>
			<Add option="-O3" />
			<Add option="-fopenmp" />
			<Add option="`pkg-config --libs --cflags opencv4`" />
			<Add option="-ldl" />
			<Add option="-lpthread" />
			<Add option="-pthread" />
			<Add option="-lgomp" />
			<Add option="-DNDEBUG" />
			<Add option="-rdynamic" />
			<Add option="-march=armv8-a" />
			<Add option="-Wall" />
			<Add option="-lpigpio" />
			<Add option="-lrt" />
			<Add library="libtensorflow-lite.a" />
			<Add library="libflatbuffers.a" />
			<Add library="/lib/aarch64-linux-gnu/libdl.so.2" />
			<Add directory="/home/pi/tensorflow/tensorflow/lite/tools/make/gen/linux_aarch64/lib" />
			<Add directory="/home/pi/tensorflow/tensorflow/lite/tools/make/downloads/flatbuffers/build" />
		</Linker>
		<Unit filename="include/BYTETracker.h" />
		<Unit filename="include/STrack.h" />
		<Unit filename="include/audio.hpp" />
		<Unit filename="include/dataType.h" />
		<Unit filename="include/debug.h" />
		<Unit filename="include/interactions.hpp" />
		<Unit filename="include/kalmanFilter.h" />
		<Unit filename="include/lapjv.h" />
		<Unit filename="include/mode.hpp" />
		<Unit filename="include/person.hpp" />
		<Unit filename="include/serial.hpp" />
		<Unit filename="include/servo.hpp" />
		<Unit filename="include/tfliteTrack.hpp" />
		<Unit filename="src/BYTETracker.cpp" />
		<Unit filename="src/STrack.cpp" />
		<Unit filename="src/audio.cpp" />
		<Unit filename="src/interactions.cpp" />
		<Unit filename="src/kalmanFilter.cpp" />
		<Unit filename="src/lapjv.cpp" />
		<Unit filename="src/main.cpp" />
		<Unit filename="src/mode.cpp" />
		<Unit filename="src/person.cpp" />
		<Unit filename="src/serial.cpp" />
		<Unit filename="src/servo.cpp" />
		<Unit filename="src/tfliteTrack.cpp" />
		<Unit filename="src/utils.cpp" />
		<Extensions>
			<code_completion />
			<debugger />
			<envvars />
		</Extensions>
	</Project>
</CodeBlocks_project_file>
